// !$*UTF8*$!
{
	archiveVersion = 1;
	classes = {
	};
	objectVersion = 50;
	objects = {

/* Begin PBXBuildFile section */
		04518F7024E421C900B9D66C /* AppDelegate.swift in Sources */ = {isa = PBXBuildFile; fileRef = 04518F6F24E421C900B9D66C /* AppDelegate.swift */; };
		04518F7224E421C900B9D66C /* SceneDelegate.swift in Sources */ = {isa = PBXBuildFile; fileRef = 04518F7124E421C900B9D66C /* SceneDelegate.swift */; };
		04518F7724E421C900B9D66C /* Main.storyboard in Resources */ = {isa = PBXBuildFile; fileRef = 04518F7524E421C900B9D66C /* Main.storyboard */; };
		04518F7924E421CC00B9D66C /* Assets.xcassets in Resources */ = {isa = PBXBuildFile; fileRef = 04518F7824E421CC00B9D66C /* Assets.xcassets */; };
		04518F7C24E421CC00B9D66C /* LaunchScreen.storyboard in Resources */ = {isa = PBXBuildFile; fileRef = 04518F7A24E421CC00B9D66C /* LaunchScreen.storyboard */; };
		04518F8424E4256200B9D66C /* Covid19.swift in Sources */ = {isa = PBXBuildFile; fileRef = 04518F8324E4256200B9D66C /* Covid19.swift */; };
		04518F8924E4D31300B9D66C /* Preview Assets.xcassets in Resources */ = {isa = PBXBuildFile; fileRef = 04518F8824E4D31300B9D66C /* Preview Assets.xcassets */; };
		04518FB524E7A6D800B9D66C /* CovidTableViewController.swift in Sources */ = {isa = PBXBuildFile; fileRef = 04518FB424E7A6D800B9D66C /* CovidTableViewController.swift */; };
		04518FB724E7C79900B9D66C /* CountrysTableViewCell.swift in Sources */ = {isa = PBXBuildFile; fileRef = 04518FB624E7C79900B9D66C /* CountrysTableViewCell.swift */; };
		04518FBB24E7E47E00B9D66C /* DetialTableViewController.swift in Sources */ = {isa = PBXBuildFile; fileRef = 04518FBA24E7E47E00B9D66C /* DetialTableViewController.swift */; };
		048D464F24E911A5009424D4 /* TaiwanTableViewController.swift in Sources */ = {isa = PBXBuildFile; fileRef = 048D464E24E911A5009424D4 /* TaiwanTableViewController.swift */; };
/* End PBXBuildFile section */

/* Begin PBXFileReference section */
		04518F6C24E421C900B9D66C /* COVID-19.app */ = {isa = PBXFileReference; explicitFileType = wrapper.application; includeInIndex = 0; path = "COVID-19.app"; sourceTree = BUILT_PRODUCTS_DIR; };
		04518F6F24E421C900B9D66C /* AppDelegate.swift */ = {isa = PBXFileReference; lastKnownFileType = sourcecode.swift; path = AppDelegate.swift; sourceTree = "<group>"; };
		04518F7124E421C900B9D66C /* SceneDelegate.swift */ = {isa = PBXFileReference; lastKnownFileType = sourcecode.swift; path = SceneDelegate.swift; sourceTree = "<group>"; };
		04518F7624E421C900B9D66C /* Base */ = {isa = PBXFileReference; lastKnownFileType = file.storyboard; name = Base; path = Base.lproj/Main.storyboard; sourceTree = "<group>"; };
		04518F7824E421CC00B9D66C /* Assets.xcassets */ = {isa = PBXFileReference; lastKnownFileType = folder.assetcatalog; path = Assets.xcassets; sourceTree = "<group>"; };
		04518F7B24E421CC00B9D66C /* Base */ = {isa = PBXFileReference; lastKnownFileType = file.storyboard; name = Base; path = Base.lproj/LaunchScreen.storyboard; sourceTree = "<group>"; };
		04518F7D24E421CC00B9D66C /* Info.plist */ = {isa = PBXFileReference; lastKnownFileType = text.plist.xml; path = Info.plist; sourceTree = "<group>"; };
		04518F8324E4256200B9D66C /* Covid19.swift */ = {isa = PBXFileReference; lastKnownFileType = sourcecode.swift; path = Covid19.swift; sourceTree = "<group>"; };
		04518F8824E4D31300B9D66C /* Preview Assets.xcassets */ = {isa = PBXFileReference; lastKnownFileType = folder.assetcatalog; path = "Preview Assets.xcassets"; sourceTree = "<group>"; };
		04518FB424E7A6D800B9D66C /* CovidTableViewController.swift */ = {isa = PBXFileReference; lastKnownFileType = sourcecode.swift; path = CovidTableViewController.swift; sourceTree = "<group>"; };
		04518FB624E7C79900B9D66C /* CountrysTableViewCell.swift */ = {isa = PBXFileReference; lastKnownFileType = sourcecode.swift; path = CountrysTableViewCell.swift; sourceTree = "<group>"; };
		04518FBA24E7E47E00B9D66C /* DetialTableViewController.swift */ = {isa = PBXFileReference; lastKnownFileType = sourcecode.swift; path = DetialTableViewController.swift; sourceTree = "<group>"; };
		048D464E24E911A5009424D4 /* TaiwanTableViewController.swift */ = {isa = PBXFileReference; lastKnownFileType = sourcecode.swift; path = TaiwanTableViewController.swift; sourceTree = "<group>"; };
/* End PBXFileReference section */

/* Begin PBXFrameworksBuildPhase section */
		04518F6924E421C900B9D66C /* Frameworks */ = {
			isa = PBXFrameworksBuildPhase;
			buildActionMask = 2147483647;
			files = (
			);
			runOnlyForDeploymentPostprocessing = 0;
		};
/* End PBXFrameworksBuildPhase section */

/* Begin PBXGroup section */
		04518F6324E421C900B9D66C = {
			isa = PBXGroup;
			children = (
				04518F6E24E421C900B9D66C /* COVID-19 */,
				04518F6D24E421C900B9D66C /* Products */,
			);
			sourceTree = "<group>";
		};
		04518F6D24E421C900B9D66C /* Products */ = {
			isa = PBXGroup;
			children = (
				04518F6C24E421C900B9D66C /* COVID-19.app */,
			);
			name = Products;
			sourceTree = "<group>";
		};
		04518F6E24E421C900B9D66C /* COVID-19 */ = {
			isa = PBXGroup;
			children = (
				04518F6F24E421C900B9D66C /* AppDelegate.swift */,
				04518F7124E421C900B9D66C /* SceneDelegate.swift */,
				04518F7524E421C900B9D66C /* Main.storyboard */,
				048D464E24E911A5009424D4 /* TaiwanTableViewController.swift */,
				04518FBA24E7E47E00B9D66C /* DetialTableViewController.swift */,
				04518FB624E7C79900B9D66C /* CountrysTableViewCell.swift */,
				04518FB424E7A6D800B9D66C /* CovidTableViewController.swift */,
				04518F8324E4256200B9D66C /* Covid19.swift */,
				04518F7824E421CC00B9D66C /* Assets.xcassets */,
				04518F7A24E421CC00B9D66C /* LaunchScreen.storyboard */,
				04518F7D24E421CC00B9D66C /* Info.plist */,
				04518F8724E4D25B00B9D66C /* Preview Content */,
			);
			path = "COVID-19";
			sourceTree = "<group>";
		};
		04518F8724E4D25B00B9D66C /* Preview Content */ = {
			isa = PBXGroup;
			children = (
				04518F8824E4D31300B9D66C /* Preview Assets.xcassets */,
			);
			path = "Preview Content";
			sourceTree = "<group>";
		};
/* End PBXGroup section */

/* Begin PBXNativeTarget section */
		04518F6B24E421C900B9D66C /* COVID-19 */ = {
			isa = PBXNativeTarget;
			buildConfigurationList = 04518F8024E421CC00B9D66C /* Build configuration list for PBXNativeTarget "COVID-19" */;
			buildPhases = (
				04518F6824E421C900B9D66C /* Sources */,
				04518F6924E421C900B9D66C /* Frameworks */,
				04518F6A24E421C900B9D66C /* Resources */,
			);
			buildRules = (
			);
			dependencies = (
			);
			name = "COVID-19";
			productName = "COVID-19";
			productReference = 04518F6C24E421C900B9D66C /* COVID-19.app */;
			productType = "com.apple.product-type.application";
		};
/* End PBXNativeTarget section */

/* Begin PBXProject section */
		04518F6424E421C900B9D66C /* Project object */ = {
			isa = PBXProject;
			attributes = {
				LastSwiftUpdateCheck = 1200;
				LastUpgradeCheck = 1200;
				TargetAttributes = {
					04518F6B24E421C900B9D66C = {
						CreatedOnToolsVersion = 12.0;
					};
				};
			};
			buildConfigurationList = 04518F6724E421C900B9D66C /* Build configuration list for PBXProject "COVID-19" */;
			compatibilityVersion = "Xcode 9.3";
			developmentRegion = en;
			hasScannedForEncodings = 0;
			knownRegions = (
				en,
				Base,
			);
			mainGroup = 04518F6324E421C900B9D66C;
			productRefGroup = 04518F6D24E421C900B9D66C /* Products */;
			projectDirPath = "";
			projectRoot = "";
			targets = (
				04518F6B24E421C900B9D66C /* COVID-19 */,
			);
		};
/* End PBXProject section */

/* Begin PBXResourcesBuildPhase section */
		04518F6A24E421C900B9D66C /* Resources */ = {
			isa = PBXResourcesBuildPhase;
			buildActionMask = 2147483647;
			files = (
				04518F8924E4D31300B9D66C /* Preview Assets.xcassets in Resources */,
				04518F7C24E421CC00B9D66C /* LaunchScreen.storyboard in Resources */,
				04518F7924E421CC00B9D66C /* Assets.xcassets in Resources */,
				04518F7724E421C900B9D66C /* Main.storyboard in Resources */,
			);
			runOnlyForDeploymentPostprocessing = 0;
		};
/* End PBXResourcesBuildPhase section */

/* Begin PBXSourcesBuildPhase section */
		04518F6824E421C900B9D66C /* Sources */ = {
			isa = PBXSourcesBuildPhase;
			buildActionMask = 2147483647;
			files = (
				04518FBB24E7E47E00B9D66C /* DetialTableViewController.swift in Sources */,
				04518FB724E7C79900B9D66C /* CountrysTableViewCell.swift in Sources */,
				04518F7024E421C900B9D66C /* AppDelegate.swift in Sources */,
				048D464F24E911A5009424D4 /* TaiwanTableViewController.swift in Sources */,
				04518F7224E421C900B9D66C /* SceneDelegate.swift in Sources */,
				04518FB524E7A6D800B9D66C /* CovidTableViewController.swift in Sources */,
				04518F8424E4256200B9D66C /* Covid19.swift in Sources */,
			);
			runOnlyForDeploymentPostprocessing = 0;
		};
/* End PBXSourcesBuildPhase section */

/* Begin PBXVariantGroup section */
		04518F7524E421C900B9D66C /* Main.storyboard */ = {
			isa = PBXVariantGroup;
			children = (
				04518F7624E421C900B9D66C /* Base */,
			);
			name = Main.storyboard;
			sourceTree = "<group>";
		};
		04518F7A24E421CC00B9D66C /* LaunchScreen.storyboard */ = {
			isa = PBXVariantGroup;
			children = (
				04518F7B24E421CC00B9D66C /* Base */,
			);
			name = LaunchScreen.storyboard;
			sourceTree = "<group>";
		};
/* End PBXVariantGroup section */

/* Begin XCBuildConfiguration section */
		04518F7E24E421CC00B9D66C /* Debug */ = {
			isa = XCBuildConfiguration;
			buildSettings = {
				ALWAYS_SEARCH_USER_PATHS = NO;
				CLANG_ANALYZER_NONNULL = YES;
				CLANG_ANALYZER_NUMBER_OBJECT_CONVERSION = YES_AGGRESSIVE;
				CLANG_CXX_LANGUAGE_STANDARD = "gnu++14";
				CLANG_CXX_LIBRARY = "libc++";
				CLANG_ENABLE_MODULES = YES;
				CLANG_ENABLE_OBJC_ARC = YES;
				CLANG_ENABLE_OBJC_WEAK = YES;
				CLANG_WARN_BLOCK_CAPTURE_AUTORELEASING = YES;
				CLANG_WARN_BOOL_CONVERSION = YES;
				CLANG_WARN_COMMA = YES;
				CLANG_WARN_CONSTANT_CONVERSION = YES;
				CLANG_WARN_DEPRECATED_OBJC_IMPLEMENTATIONS = YES;
				CLANG_WARN_DIRECT_OBJC_ISA_USAGE = YES_ERROR;
				CLANG_WARN_DOCUMENTATION_COMMENTS = YES;
				CLANG_WARN_EMPTY_BODY = YES;
				CLANG_WARN_ENUM_CONVERSION = YES;
				CLANG_WARN_INFINITE_RECURSION = YES;
				CLANG_WARN_INT_CONVERSION = YES;
				CLANG_WARN_NON_LITERAL_NULL_CONVERSION = YES;
				CLANG_WARN_OBJC_IMPLICIT_RETAIN_SELF = YES;
				CLANG_WARN_OBJC_LITERAL_CONVERSION = YES;
				CLANG_WARN_OBJC_ROOT_CLASS = YES_ERROR;
				CLANG_WARN_QUOTED_INCLUDE_IN_FRAMEWORK_HEADER = YES;
				CLANG_WARN_RANGE_LOOP_ANALYSIS = YES;
				CLANG_WARN_STRICT_PROTOTYPES = YES;
				CLANG_WARN_SUSPICIOUS_MOVE = YES;
				CLANG_WARN_UNGUARDED_AVAILABILITY = YES_AGGRESSIVE;
				CLANG_WARN_UNREACHABLE_CODE = YES;
				CLANG_WARN__DUPLICATE_METHOD_MATCH = YES;
				COPY_PHASE_STRIP = NO;
				DEBUG_INFORMATION_FORMAT = dwarf;
				ENABLE_STRICT_OBJC_MSGSEND = YES;
				ENABLE_TESTABILITY = YES;
				GCC_C_LANGUAGE_STANDARD = gnu11;
				GCC_DYNAMIC_NO_PIC = NO;
				GCC_NO_COMMON_BLOCKS = YES;
				GCC_OPTIMIZATION_LEVEL = 0;
				GCC_PREPROCESSOR_DEFINITIONS = (
					"DEBUG=1",
					"$(inherited)",
				);
				GCC_WARN_64_TO_32_BIT_CONVERSION = YES;
				GCC_WARN_ABOUT_RETURN_TYPE = YES_ERROR;
				GCC_WARN_UNDECLARED_SELECTOR = YES;
				GCC_WARN_UNINITIALIZED_AUTOS = YES_AGGRESSIVE;
				GCC_WARN_UNUSED_FUNCTION = YES;
				GCC_WARN_UNUSED_VARIABLE = YES;
				IPHONEOS_DEPLOYMENT_TARGET = 13.5;
				MTL_ENABLE_DEBUG_INFO = INCLUDE_SOURCE;
				MTL_FAST_MATH = YES;
				ONLY_ACTIVE_ARCH = YES;
				SDKROOT = iphoneos;
				SWIFT_ACTIVE_COMPILATION_CONDITIONS = DEBUG;
				SWIFT_OPTIMIZATION_LEVEL = "-Onone";
			};
			name = Debug;
		};
		04518F7F24E421CC00B9D66C /* Release */ = {
			isa = XCBuildConfiguration;
			buildSettings = {
				ALWAYS_SEARCH_USER_PATHS = NO;
				CLANG_ANALYZER_NONNULL = YES;
				CLANG_ANALYZER_NUMBER_OBJECT_CONVERSION = YES_AGGRESSIVE;
				CLANG_CXX_LANGUAGE_STANDARD = "gnu++14";
				CLANG_CXX_LIBRARY = "libc++";
				CLANG_ENABLE_MODULES = YES;
				CLANG_ENABLE_OBJC_ARC = YES;
				CLANG_ENABLE_OBJC_WEAK = YES;
				CLANG_WARN_BLOCK_CAPTURE_AUTORELEASING = YES;
				CLANG_WARN_BOOL_CONVERSION = YES;
				CLANG_WARN_COMMA = YES;
				CLANG_WARN_CONSTANT_CONVERSION = YES;
				CLANG_WARN_DEPRECATED_OBJC_IMPLEMENTATIONS = YES;
				CLANG_WARN_DIRECT_OBJC_ISA_USAGE = YES_ERROR;
				CLANG_WARN_DOCUMENTATION_COMMENTS = YES;
				CLANG_WARN_EMPTY_BODY = YES;
				CLANG_WARN_ENUM_CONVERSION = YES;
				CLANG_WARN_INFINITE_RECURSION = YES;
				CLANG_WARN_INT_CONVERSION = YES;
				CLANG_WARN_NON_LITERAL_NULL_CONVERSION = YES;
				CLANG_WARN_OBJC_IMPLICIT_RETAIN_SELF = YES;
				CLANG_WARN_OBJC_LITERAL_CONVERSION = YES;
				CLANG_WARN_OBJC_ROOT_CLASS = YES_ERROR;
				CLANG_WARN_QUOTED_INCLUDE_IN_FRAMEWORK_HEADER = YES;
				CLANG_WARN_RANGE_LOOP_ANALYSIS = YES;
				CLANG_WARN_STRICT_PROTOTYPES = YES;
				CLANG_WARN_SUSPICIOUS_MOVE = YES;
				CLANG_WARN_UNGUARDED_AVAILABILITY = YES_AGGRESSIVE;
				CLANG_WARN_UNREACHABLE_CODE = YES;
				CLANG_WARN__DUPLICATE_METHOD_MATCH = YES;
				COPY_PHASE_STRIP = NO;
				DEBUG_INFORMATION_FORMAT = "dwarf-with-dsym";
				ENABLE_NS_ASSERTIONS = NO;
				ENABLE_STRICT_OBJC_MSGSEND = YES;
				GCC_C_LANGUAGE_STANDARD = gnu11;
				GCC_NO_COMMON_BLOCKS = YES;
				GCC_WARN_64_TO_32_BIT_CONVERSION = YES;
				GCC_WARN_ABOUT_RETURN_TYPE = YES_ERROR;
				GCC_WARN_UNDECLARED_SELECTOR = YES;
				GCC_WARN_UNINITIALIZED_AUTOS = YES_AGGRESSIVE;
				GCC_WARN_UNUSED_FUNCTION = YES;
				GCC_WARN_UNUSED_VARIABLE = YES;
				IPHONEOS_DEPLOYMENT_TARGET = 13.5;
				MTL_ENABLE_DEBUG_INFO = NO;
				MTL_FAST_MATH = YES;
				SDKROOT = iphoneos;
				SWIFT_COMPILATION_MODE = wholemodule;
				SWIFT_OPTIMIZATION_LEVEL = "-O";
				VALIDATE_PRODUCT = YES;
			};
			name = Release;
		};
		04518F8124E421CC00B9D66C /* Debug */ = {
			isa = XCBuildConfiguration;
			buildSettings = {
				ASSETCATALOG_COMPILER_APPICON_NAME = AppIcon;
				ASSETCATALOG_COMPILER_GLOBAL_ACCENT_COLOR_NAME = AccentColor;
				CODE_SIGN_STYLE = Automatic;
				DEVELOPMENT_ASSET_PATHS = "COVID-19/Preview\\ Content";
				DEVELOPMENT_TEAM = 3H8BWNT9J5;
				INFOPLIST_FILE = "COVID-19/Info.plist";
				LD_RUNPATH_SEARCH_PATHS = (
					"$(inherited)",
					"@executable_path/Frameworks",
				);
				PRODUCT_BUNDLE_IDENTIFIER = "lee.sam.COVID-19";
				PRODUCT_NAME = "$(TARGET_NAME)";
				SWIFT_VERSION = 5.0;
				TARGETED_DEVICE_FAMILY = "1,2";
			};
			name = Debug;
		};
		04518F8224E421CC00B9D66C /* Release */ = {
			isa = XCBuildConfiguration;
			buildSettings = {
				ASSETCATALOG_COMPILER_APPICON_NAME = AppIcon;
				ASSETCATALOG_COMPILER_GLOBAL_ACCENT_COLOR_NAME = AccentColor;
				CODE_SIGN_STYLE = Automatic;
				DEVELOPMENT_ASSET_PATHS = "COVID-19/Preview\\ Content";
				DEVELOPMENT_TEAM = 3H8BWNT9J5;
				INFOPLIST_FILE = "COVID-19/Info.plist";
				LD_RUNPATH_SEARCH_PATHS = (
					"$(inherited)",
					"@executable_path/Frameworks",
				);
				PRODUCT_BUNDLE_IDENTIFIER = "lee.sam.COVID-19";
				PRODUCT_NAME = "$(TARGET_NAME)";
				SWIFT_VERSION = 5.0;
				TARGETED_DEVICE_FAMILY = "1,2";
			};
			name = Release;
		};
/* End XCBuildConfiguration section */

/* Begin XCConfigurationList section */
		04518F6724E421C900B9D66C /* Build configuration list for PBXProject "COVID-19" */ = {
			isa = XCConfigurationList;
			buildConfigurations = (
				04518F7E24E421CC00B9D66C /* Debug */,
				04518F7F24E421CC00B9D66C /* Release */,
			);
			defaultConfigurationIsVisible = 0;
			defaultConfigurationName = Release;
		};
		04518F8024E421CC00B9D66C /* Build configuration list for PBXNativeTarget "COVID-19" */ = {
			isa = XCConfigurationList;
			buildConfigurations = (
				04518F8124E421CC00B9D66C /* Debug */,
				04518F8224E421CC00B9D66C /* Release */,
			);
			defaultConfigurationIsVisible = 0;
			defaultConfigurationName = Release;
		};
/* End XCConfigurationList section */
	};
	rootObject = 04518F6424E421C900B9D66C /* Project object */;
}
